// !$*UTF8*$!
{
	archiveVersion = 1;
	classes = {
	};
	objectVersion = 46;
	objects = {

/* Begin PBXBuildFile section */
		2580E7781E04EE3400A0316C /* Localizable.strings in Resources */ = {isa = PBXBuildFile; fileRef = 2580E77A1E04EE3400A0316C /* Localizable.strings */; };
		2580E7841E04EF0700A0316C /* AppDelegate.swift in Sources */ = {isa = PBXBuildFile; fileRef = 2580E7831E04EF0700A0316C /* AppDelegate.swift */; };
		2580E7881E04EF0700A0316C /* Assets.xcassets in Resources */ = {isa = PBXBuildFile; fileRef = 2580E7871E04EF0700A0316C /* Assets.xcassets */; };
		2580E78B1E04EF0700A0316C /* Main.storyboard in Resources */ = {isa = PBXBuildFile; fileRef = 2580E7891E04EF0700A0316C /* Main.storyboard */; };
		2580E7951E04F1E000A0316C /* Battery Time Helper.app in CopyFiles */ = {isa = PBXBuildFile; fileRef = 2580E7811E04EF0700A0316C /* Battery Time Helper.app */; settings = {ATTRIBUTES = (RemoveHeadersOnCopy, ); }; };
		2580E7991E04FB5600A0316C /* InfoPlist.strings in Resources */ = {isa = PBXBuildFile; fileRef = 2580E79B1E04FB5600A0316C /* InfoPlist.strings */; };
		25AC9D311E026B4E003C7AC8 /* AppDelegate.m in Sources */ = {isa = PBXBuildFile; fileRef = 25AC9D301E026B4E003C7AC8 /* AppDelegate.m */; };
		25AC9D341E026B4E003C7AC8 /* main.m in Sources */ = {isa = PBXBuildFile; fileRef = 25AC9D331E026B4E003C7AC8 /* main.m */; };
		25AC9D391E026B4E003C7AC8 /* Assets.xcassets in Resources */ = {isa = PBXBuildFile; fileRef = 25AC9D381E026B4E003C7AC8 /* Assets.xcassets */; };
		25AC9D3C1E026B4E003C7AC8 /* Main.storyboard in Resources */ = {isa = PBXBuildFile; fileRef = 25AC9D3A1E026B4E003C7AC8 /* Main.storyboard */; };
		25AC9D451E026C17003C7AC8 /* IOKit.framework in Frameworks */ = {isa = PBXBuildFile; fileRef = 25AC9D441E026C17003C7AC8 /* IOKit.framework */; };
/* End PBXBuildFile section */

/* Begin PBXContainerItemProxy section */
		2580E7921E04F1D400A0316C /* PBXContainerItemProxy */ = {
			isa = PBXContainerItemProxy;
			containerPortal = 25AC9D241E026B4E003C7AC8 /* Project object */;
			proxyType = 1;
			remoteGlobalIDString = 2580E7801E04EF0700A0316C;
			remoteInfo = "Battery Time Helper";
		};
/* End PBXContainerItemProxy section */

/* Begin PBXCopyFilesBuildPhase section */
		2580E7941E04F1D700A0316C /* CopyFiles */ = {
			isa = PBXCopyFilesBuildPhase;
			buildActionMask = 2147483647;
			dstPath = Contents/Library/LoginItems;
			dstSubfolderSpec = 1;
			files = (
				2580E7951E04F1E000A0316C /* Battery Time Helper.app in CopyFiles */,
			);
			runOnlyForDeploymentPostprocessing = 0;
		};
/* End PBXCopyFilesBuildPhase section */

/* Begin PBXFileReference section */
		2580E7791E04EE3400A0316C /* Base */ = {isa = PBXFileReference; fileEncoding = 10; lastKnownFileType = text.plist.strings; name = Base; path = Base.lproj/Localizable.strings; sourceTree = "<group>"; };
		2580E77B1E04EE4300A0316C /* zh-Hans */ = {isa = PBXFileReference; lastKnownFileType = text.plist.strings; name = "zh-Hans"; path = "zh-Hans.lproj/Main.strings"; sourceTree = "<group>"; };
		2580E77C1E04EE4300A0316C /* zh-Hans */ = {isa = PBXFileReference; fileEncoding = 10; lastKnownFileType = text.plist.strings; name = "zh-Hans"; path = "zh-Hans.lproj/Localizable.strings"; sourceTree = "<group>"; };
		2580E7811E04EF0700A0316C /* Battery Time Helper.app */ = {isa = PBXFileReference; explicitFileType = wrapper.application; includeInIndex = 0; path = "Battery Time Helper.app"; sourceTree = BUILT_PRODUCTS_DIR; };
		2580E7831E04EF0700A0316C /* AppDelegate.swift */ = {isa = PBXFileReference; lastKnownFileType = sourcecode.swift; path = AppDelegate.swift; sourceTree = "<group>"; };
		2580E7871E04EF0700A0316C /* Assets.xcassets */ = {isa = PBXFileReference; lastKnownFileType = folder.assetcatalog; path = Assets.xcassets; sourceTree = "<group>"; };
		2580E78A1E04EF0700A0316C /* Base */ = {isa = PBXFileReference; lastKnownFileType = file.storyboard; name = Base; path = Base.lproj/Main.storyboard; sourceTree = "<group>"; };
		2580E78C1E04EF0700A0316C /* Info.plist */ = {isa = PBXFileReference; lastKnownFileType = text.plist.xml; path = Info.plist; sourceTree = "<group>"; };
		2580E7961E04F57A00A0316C /* Battery Time Helper.entitlements */ = {isa = PBXFileReference; lastKnownFileType = text.plist.entitlements; path = "Battery Time Helper.entitlements"; sourceTree = "<group>"; };
		2580E79A1E04FB5600A0316C /* Base */ = {isa = PBXFileReference; lastKnownFileType = text.plist.strings; name = Base; path = Base.lproj/InfoPlist.strings; sourceTree = "<group>"; };
		2580E79C1E04FB5700A0316C /* zh-Hans */ = {isa = PBXFileReference; lastKnownFileType = text.plist.strings; name = "zh-Hans"; path = "zh-Hans.lproj/InfoPlist.strings"; sourceTree = "<group>"; };
		25A4DF211E07CADE006AC395 /* Battery Time.entitlements */ = {isa = PBXFileReference; lastKnownFileType = text.plist.entitlements; path = "Battery Time.entitlements"; sourceTree = "<group>"; };
		25AC9D2C1E026B4E003C7AC8 /* Battery Time.app */ = {isa = PBXFileReference; explicitFileType = wrapper.application; includeInIndex = 0; path = "Battery Time.app"; sourceTree = BUILT_PRODUCTS_DIR; };
		25AC9D2F1E026B4E003C7AC8 /* AppDelegate.h */ = {isa = PBXFileReference; lastKnownFileType = sourcecode.c.h; path = AppDelegate.h; sourceTree = "<group>"; };
		25AC9D301E026B4E003C7AC8 /* AppDelegate.m */ = {isa = PBXFileReference; lastKnownFileType = sourcecode.c.objc; path = AppDelegate.m; sourceTree = "<group>"; };
		25AC9D331E026B4E003C7AC8 /* main.m */ = {isa = PBXFileReference; lastKnownFileType = sourcecode.c.objc; path = main.m; sourceTree = "<group>"; };
		25AC9D381E026B4E003C7AC8 /* Assets.xcassets */ = {isa = PBXFileReference; lastKnownFileType = folder.assetcatalog; path = Assets.xcassets; sourceTree = "<group>"; };
		25AC9D3B1E026B4E003C7AC8 /* Base */ = {isa = PBXFileReference; lastKnownFileType = file.storyboard; name = Base; path = Base.lproj/Main.storyboard; sourceTree = "<group>"; };
		25AC9D3D1E026B4E003C7AC8 /* Info.plist */ = {isa = PBXFileReference; lastKnownFileType = text.plist.xml; path = Info.plist; sourceTree = "<group>"; };
		25AC9D441E026C17003C7AC8 /* IOKit.framework */ = {isa = PBXFileReference; lastKnownFileType = wrapper.framework; name = IOKit.framework; path = System/Library/Frameworks/IOKit.framework; sourceTree = SDKROOT; };
/* End PBXFileReference section */

/* Begin PBXFrameworksBuildPhase section */
		2580E77E1E04EF0700A0316C /* Frameworks */ = {
			isa = PBXFrameworksBuildPhase;
			buildActionMask = 2147483647;
			files = (
			);
			runOnlyForDeploymentPostprocessing = 0;
		};
		25AC9D291E026B4E003C7AC8 /* Frameworks */ = {
			isa = PBXFrameworksBuildPhase;
			buildActionMask = 2147483647;
			files = (
				25AC9D451E026C17003C7AC8 /* IOKit.framework in Frameworks */,
			);
			runOnlyForDeploymentPostprocessing = 0;
		};
/* End PBXFrameworksBuildPhase section */

/* Begin PBXGroup section */
		2580E7821E04EF0700A0316C /* Battery Time Helper */ = {
			isa = PBXGroup;
			children = (
				2580E7961E04F57A00A0316C /* Battery Time Helper.entitlements */,
				2580E7831E04EF0700A0316C /* AppDelegate.swift */,
				2580E7871E04EF0700A0316C /* Assets.xcassets */,
				2580E7891E04EF0700A0316C /* Main.storyboard */,
				2580E78C1E04EF0700A0316C /* Info.plist */,
			);
			path = "Battery Time Helper";
			sourceTree = "<group>";
		};
		25AC9D231E026B4E003C7AC8 = {
			isa = PBXGroup;
			children = (
				25AC9D2E1E026B4E003C7AC8 /* Battery Time */,
				2580E7821E04EF0700A0316C /* Battery Time Helper */,
				25AC9D2D1E026B4E003C7AC8 /* Products */,
				25AC9D431E026C17003C7AC8 /* Frameworks */,
			);
			sourceTree = "<group>";
		};
		25AC9D2D1E026B4E003C7AC8 /* Products */ = {
			isa = PBXGroup;
			children = (
				25AC9D2C1E026B4E003C7AC8 /* Battery Time.app */,
				2580E7811E04EF0700A0316C /* Battery Time Helper.app */,
			);
			name = Products;
			sourceTree = "<group>";
		};
		25AC9D2E1E026B4E003C7AC8 /* Battery Time */ = {
			isa = PBXGroup;
			children = (
				25A4DF211E07CADE006AC395 /* Battery Time.entitlements */,
				25AC9D2F1E026B4E003C7AC8 /* AppDelegate.h */,
				25AC9D301E026B4E003C7AC8 /* AppDelegate.m */,
				2580E79B1E04FB5600A0316C /* InfoPlist.strings */,
				2580E77A1E04EE3400A0316C /* Localizable.strings */,
				25AC9D381E026B4E003C7AC8 /* Assets.xcassets */,
				25AC9D3A1E026B4E003C7AC8 /* Main.storyboard */,
				25AC9D3D1E026B4E003C7AC8 /* Info.plist */,
				25AC9D321E026B4E003C7AC8 /* Supporting Files */,
			);
			path = "Battery Time";
			sourceTree = "<group>";
		};
		25AC9D321E026B4E003C7AC8 /* Supporting Files */ = {
			isa = PBXGroup;
			children = (
				25AC9D331E026B4E003C7AC8 /* main.m */,
			);
			name = "Supporting Files";
			sourceTree = "<group>";
		};
		25AC9D431E026C17003C7AC8 /* Frameworks */ = {
			isa = PBXGroup;
			children = (
				25AC9D441E026C17003C7AC8 /* IOKit.framework */,
			);
			name = Frameworks;
			sourceTree = "<group>";
		};
/* End PBXGroup section */

/* Begin PBXNativeTarget section */
		2580E7801E04EF0700A0316C /* Battery Time Helper */ = {
			isa = PBXNativeTarget;
			buildConfigurationList = 2580E78D1E04EF0700A0316C /* Build configuration list for PBXNativeTarget "Battery Time Helper" */;
			buildPhases = (
				2580E77D1E04EF0700A0316C /* Sources */,
				2580E77E1E04EF0700A0316C /* Frameworks */,
				2580E77F1E04EF0700A0316C /* Resources */,
			);
			buildRules = (
			);
			dependencies = (
			);
			name = "Battery Time Helper";
			productName = "Battery Time Helper";
			productReference = 2580E7811E04EF0700A0316C /* Battery Time Helper.app */;
			productType = "com.apple.product-type.application";
		};
		25AC9D2B1E026B4E003C7AC8 /* Battery Time */ = {
			isa = PBXNativeTarget;
			buildConfigurationList = 25AC9D401E026B4E003C7AC8 /* Build configuration list for PBXNativeTarget "Battery Time" */;
			buildPhases = (
				25AC9D281E026B4E003C7AC8 /* Sources */,
				25AC9D291E026B4E003C7AC8 /* Frameworks */,
				25AC9D2A1E026B4E003C7AC8 /* Resources */,
				2580E7941E04F1D700A0316C /* CopyFiles */,
			);
			buildRules = (
			);
			dependencies = (
				2580E7931E04F1D400A0316C /* PBXTargetDependency */,
			);
			name = "Battery Time";
			productName = "Battery Time";
			productReference = 25AC9D2C1E026B4E003C7AC8 /* Battery Time.app */;
			productType = "com.apple.product-type.application";
		};
/* End PBXNativeTarget section */

/* Begin PBXProject section */
		25AC9D241E026B4E003C7AC8 /* Project object */ = {
			isa = PBXProject;
			attributes = {
				LastSwiftUpdateCheck = 0820;
				LastUpgradeCheck = 0820;
				ORGANIZATIONNAME = VPNCloud;
				TargetAttributes = {
					2580E7801E04EF0700A0316C = {
						CreatedOnToolsVersion = 8.2;
						DevelopmentTeam = 32Y52676KN;
						ProvisioningStyle = Manual;
						SystemCapabilities = {
							com.apple.Sandbox = {
								enabled = 1;
							};
						};
					};
					25AC9D2B1E026B4E003C7AC8 = {
						CreatedOnToolsVersion = 8.2;
						DevelopmentTeam = 32Y52676KN;
						ProvisioningStyle = Manual;
						SystemCapabilities = {
							com.apple.Sandbox = {
								enabled = 1;
							};
						};
					};
				};
			};
			buildConfigurationList = 25AC9D271E026B4E003C7AC8 /* Build configuration list for PBXProject "Battery Time" */;
			compatibilityVersion = "Xcode 3.2";
			developmentRegion = English;
			hasScannedForEncodings = 0;
			knownRegions = (
				en,
				Base,
				"zh-Hans",
			);
			mainGroup = 25AC9D231E026B4E003C7AC8;
			productRefGroup = 25AC9D2D1E026B4E003C7AC8 /* Products */;
			projectDirPath = "";
			projectRoot = "";
			targets = (
				25AC9D2B1E026B4E003C7AC8 /* Battery Time */,
				2580E7801E04EF0700A0316C /* Battery Time Helper */,
			);
		};
/* End PBXProject section */

/* Begin PBXResourcesBuildPhase section */
		2580E77F1E04EF0700A0316C /* Resources */ = {
			isa = PBXResourcesBuildPhase;
			buildActionMask = 2147483647;
			files = (
				2580E7881E04EF0700A0316C /* Assets.xcassets in Resources */,
				2580E78B1E04EF0700A0316C /* Main.storyboard in Resources */,
			);
			runOnlyForDeploymentPostprocessing = 0;
		};
		25AC9D2A1E026B4E003C7AC8 /* Resources */ = {
			isa = PBXResourcesBuildPhase;
			buildActionMask = 2147483647;
			files = (
				25AC9D391E026B4E003C7AC8 /* Assets.xcassets in Resources */,
				2580E7991E04FB5600A0316C /* InfoPlist.strings in Resources */,
				2580E7781E04EE3400A0316C /* Localizable.strings in Resources */,
				25AC9D3C1E026B4E003C7AC8 /* Main.storyboard in Resources */,
			);
			runOnlyForDeploymentPostprocessing = 0;
		};
/* End PBXResourcesBuildPhase section */

/* Begin PBXSourcesBuildPhase section */
		2580E77D1E04EF0700A0316C /* Sources */ = {
			isa = PBXSourcesBuildPhase;
			buildActionMask = 2147483647;
			files = (
				2580E7841E04EF0700A0316C /* AppDelegate.swift in Sources */,
			);
			runOnlyForDeploymentPostprocessing = 0;
		};
		25AC9D281E026B4E003C7AC8 /* Sources */ = {
			isa = PBXSourcesBuildPhase;
			buildActionMask = 2147483647;
			files = (
				25AC9D341E026B4E003C7AC8 /* main.m in Sources */,
				25AC9D311E026B4E003C7AC8 /* AppDelegate.m in Sources */,
			);
			runOnlyForDeploymentPostprocessing = 0;
		};
/* End PBXSourcesBuildPhase section */

/* Begin PBXTargetDependency section */
		2580E7931E04F1D400A0316C /* PBXTargetDependency */ = {
			isa = PBXTargetDependency;
			target = 2580E7801E04EF0700A0316C /* Battery Time Helper */;
			targetProxy = 2580E7921E04F1D400A0316C /* PBXContainerItemProxy */;
		};
/* End PBXTargetDependency section */

/* Begin PBXVariantGroup section */
		2580E77A1E04EE3400A0316C /* Localizable.strings */ = {
			isa = PBXVariantGroup;
			children = (
				2580E7791E04EE3400A0316C /* Base */,
				2580E77C1E04EE4300A0316C /* zh-Hans */,
			);
			name = Localizable.strings;
			sourceTree = "<group>";
		};
		2580E7891E04EF0700A0316C /* Main.storyboard */ = {
			isa = PBXVariantGroup;
			children = (
				2580E78A1E04EF0700A0316C /* Base */,
			);
			name = Main.storyboard;
			sourceTree = "<group>";
		};
		2580E79B1E04FB5600A0316C /* InfoPlist.strings */ = {
			isa = PBXVariantGroup;
			children = (
				2580E79A1E04FB5600A0316C /* Base */,
				2580E79C1E04FB5700A0316C /* zh-Hans */,
			);
			name = InfoPlist.strings;
			sourceTree = "<group>";
		};
		25AC9D3A1E026B4E003C7AC8 /* Main.storyboard */ = {
			isa = PBXVariantGroup;
			children = (
				25AC9D3B1E026B4E003C7AC8 /* Base */,
				2580E77B1E04EE4300A0316C /* zh-Hans */,
			);
			name = Main.storyboard;
			sourceTree = "<group>";
		};
/* End PBXVariantGroup section */

/* Begin XCBuildConfiguration section */
		2580E78E1E04EF0700A0316C /* Debug */ = {
			isa = XCBuildConfiguration;
			buildSettings = {
				ASSETCATALOG_COMPILER_APPICON_NAME = AppIcon;
				CODE_SIGN_ENTITLEMENTS = "Battery Time Helper/Battery Time Helper.entitlements";
				CODE_SIGN_IDENTITY = "Developer ID Application";
				COMBINE_HIDPI_IMAGES = YES;
				DEVELOPMENT_TEAM = 32Y52676KN;
				INFOPLIST_FILE = "Battery Time Helper/Info.plist";
				LD_RUNPATH_SEARCH_PATHS = "$(inherited) @executable_path/../Frameworks";
				PRODUCT_BUNDLE_IDENTIFIER = "me.venj.Battery-Time-Helper";
				PRODUCT_NAME = "$(TARGET_NAME)";
				SKIP_INSTALL = YES;
				SWIFT_ACTIVE_COMPILATION_CONDITIONS = DEBUG;
				SWIFT_OPTIMIZATION_LEVEL = "-Onone";
				SWIFT_VERSION = 3.0;
			};
			name = Debug;
		};
		2580E78F1E04EF0700A0316C /* Release */ = {
			isa = XCBuildConfiguration;
			buildSettings = {
				ASSETCATALOG_COMPILER_APPICON_NAME = AppIcon;
				CODE_SIGN_ENTITLEMENTS = "Battery Time Helper/Battery Time Helper.entitlements";
				CODE_SIGN_IDENTITY = "Developer ID Application";
				COMBINE_HIDPI_IMAGES = YES;
				DEVELOPMENT_TEAM = 32Y52676KN;
				INFOPLIST_FILE = "Battery Time Helper/Info.plist";
				LD_RUNPATH_SEARCH_PATHS = "$(inherited) @executable_path/../Frameworks";
				PRODUCT_BUNDLE_IDENTIFIER = "me.venj.Battery-Time-Helper";
				PRODUCT_NAME = "$(TARGET_NAME)";
				SKIP_INSTALL = YES;
				SWIFT_OPTIMIZATION_LEVEL = "-Owholemodule";
				SWIFT_VERSION = 3.0;
			};
			name = Release;
		};
		25AC9D3E1E026B4E003C7AC8 /* Debug */ = {
			isa = XCBuildConfiguration;
			buildSettings = {
				ALWAYS_SEARCH_USER_PATHS = NO;
				CLANG_ANALYZER_LOCALIZABILITY_NONLOCALIZED = YES;
				CLANG_ANALYZER_NONNULL = YES;
				CLANG_CXX_LANGUAGE_STANDARD = "gnu++0x";
				CLANG_CXX_LIBRARY = "libc++";
				CLANG_ENABLE_MODULES = YES;
				CLANG_ENABLE_OBJC_ARC = YES;
				CLANG_WARN_BOOL_CONVERSION = YES;
				CLANG_WARN_CONSTANT_CONVERSION = YES;
				CLANG_WARN_DIRECT_OBJC_ISA_USAGE = YES_ERROR;
				CLANG_WARN_DOCUMENTATION_COMMENTS = YES;
				CLANG_WARN_EMPTY_BODY = YES;
				CLANG_WARN_ENUM_CONVERSION = YES;
				CLANG_WARN_INFINITE_RECURSION = YES;
				CLANG_WARN_INT_CONVERSION = YES;
				CLANG_WARN_OBJC_ROOT_CLASS = YES_ERROR;
				CLANG_WARN_SUSPICIOUS_MOVE = YES;
				CLANG_WARN_UNREACHABLE_CODE = YES;
				CLANG_WARN__DUPLICATE_METHOD_MATCH = YES;
				CODE_SIGN_IDENTITY = "-";
				COPY_PHASE_STRIP = NO;
				DEBUG_INFORMATION_FORMAT = dwarf;
				ENABLE_STRICT_OBJC_MSGSEND = YES;
				ENABLE_TESTABILITY = YES;
				GCC_C_LANGUAGE_STANDARD = gnu99;
				GCC_DYNAMIC_NO_PIC = NO;
				GCC_NO_COMMON_BLOCKS = YES;
				GCC_OPTIMIZATION_LEVEL = 0;
				GCC_PREPROCESSOR_DEFINITIONS = (
					"DEBUG=1",
					"$(inherited)",
				);
				GCC_WARN_64_TO_32_BIT_CONVERSION = YES;
				GCC_WARN_ABOUT_RETURN_TYPE = YES_ERROR;
				GCC_WARN_UNDECLARED_SELECTOR = YES;
				GCC_WARN_UNINITIALIZED_AUTOS = YES_AGGRESSIVE;
				GCC_WARN_UNUSED_FUNCTION = YES;
				GCC_WARN_UNUSED_VARIABLE = YES;
				MACOSX_DEPLOYMENT_TARGET = 10.11;
				MTL_ENABLE_DEBUG_INFO = YES;
				ONLY_ACTIVE_ARCH = YES;
				SDKROOT = macosx;
			};
			name = Debug;
		};
		25AC9D3F1E026B4E003C7AC8 /* Release */ = {
			isa = XCBuildConfiguration;
			buildSettings = {
				ALWAYS_SEARCH_USER_PATHS = NO;
				CLANG_ANALYZER_LOCALIZABILITY_NONLOCALIZED = YES;
				CLANG_ANALYZER_NONNULL = YES;
				CLANG_CXX_LANGUAGE_STANDARD = "gnu++0x";
				CLANG_CXX_LIBRARY = "libc++";
				CLANG_ENABLE_MODULES = YES;
				CLANG_ENABLE_OBJC_ARC = YES;
				CLANG_WARN_BOOL_CONVERSION = YES;
				CLANG_WARN_CONSTANT_CONVERSION = YES;
				CLANG_WARN_DIRECT_OBJC_ISA_USAGE = YES_ERROR;
				CLANG_WARN_DOCUMENTATION_COMMENTS = YES;
				CLANG_WARN_EMPTY_BODY = YES;
				CLANG_WARN_ENUM_CONVERSION = YES;
				CLANG_WARN_INFINITE_RECURSION = YES;
				CLANG_WARN_INT_CONVERSION = YES;
				CLANG_WARN_OBJC_ROOT_CLASS = YES_ERROR;
				CLANG_WARN_SUSPICIOUS_MOVE = YES;
				CLANG_WARN_UNREACHABLE_CODE = YES;
				CLANG_WARN__DUPLICATE_METHOD_MATCH = YES;
				CODE_SIGN_IDENTITY = "-";
				COPY_PHASE_STRIP = NO;
				DEBUG_INFORMATION_FORMAT = "dwarf-with-dsym";
				ENABLE_NS_ASSERTIONS = NO;
				ENABLE_STRICT_OBJC_MSGSEND = YES;
				GCC_C_LANGUAGE_STANDARD = gnu99;
				GCC_NO_COMMON_BLOCKS = YES;
				GCC_WARN_64_TO_32_BIT_CONVERSION = YES;
				GCC_WARN_ABOUT_RETURN_TYPE = YES_ERROR;
				GCC_WARN_UNDECLARED_SELECTOR = YES;
				GCC_WARN_UNINITIALIZED_AUTOS = YES_AGGRESSIVE;
				GCC_WARN_UNUSED_FUNCTION = YES;
				GCC_WARN_UNUSED_VARIABLE = YES;
				MACOSX_DEPLOYMENT_TARGET = 10.11;
				MTL_ENABLE_DEBUG_INFO = NO;
				SDKROOT = macosx;
			};
			name = Release;
		};
		25AC9D411E026B4E003C7AC8 /* Debug */ = {
			isa = XCBuildConfiguration;
			buildSettings = {
				ASSETCATALOG_COMPILER_APPICON_NAME = AppIcon;
				CODE_SIGN_ENTITLEMENTS = "Battery Time/Battery Time.entitlements";
				CODE_SIGN_IDENTITY = "Developer ID Application";
				COMBINE_HIDPI_IMAGES = YES;
				DEVELOPMENT_TEAM = 32Y52676KN;
				INFOPLIST_FILE = "Battery Time/Info.plist";
				LD_RUNPATH_SEARCH_PATHS = "$(inherited) @executable_path/../Frameworks";
				PRODUCT_BUNDLE_IDENTIFIER = "me.venj.Battery-Time";
				PRODUCT_NAME = "$(TARGET_NAME)";
				PROVISIONING_PROFILE = "5c73b2ea-cbc6-4773-b771-df22dc6e9f6b";
				PROVISIONING_PROFILE_SPECIFIER = "Battery Time";
			};
			name = Debug;
		};
		25AC9D421E026B4E003C7AC8 /* Release */ = {
			isa = XCBuildConfiguration;
			buildSettings = {
				ASSETCATALOG_COMPILER_APPICON_NAME = AppIcon;
				CODE_SIGN_ENTITLEMENTS = "Battery Time/Battery Time.entitlements";
				CODE_SIGN_IDENTITY = "Developer ID Application";
				COMBINE_HIDPI_IMAGES = YES;
				DEVELOPMENT_TEAM = 32Y52676KN;
				INFOPLIST_FILE = "Battery Time/Info.plist";
				LD_RUNPATH_SEARCH_PATHS = "$(inherited) @executable_path/../Frameworks";
				PRODUCT_BUNDLE_IDENTIFIER = "me.venj.Battery-Time";
				PRODUCT_NAME = "$(TARGET_NAME)";
				PROVISIONING_PROFILE = "5c73b2ea-cbc6-4773-b771-df22dc6e9f6b";
				PROVISIONING_PROFILE_SPECIFIER = "Battery Time";
			};
			name = Release;
		};
/* End XCBuildConfiguration section */

/* Begin XCConfigurationList section */
		2580E78D1E04EF0700A0316C /* Build configuration list for PBXNativeTarget "Battery Time Helper" */ = {
			isa = XCConfigurationList;
			buildConfigurations = (
				2580E78E1E04EF0700A0316C /* Debug */,
				2580E78F1E04EF0700A0316C /* Release */,
			);
			defaultConfigurationIsVisible = 0;
			defaultConfigurationName = Release;
		};
		25AC9D271E026B4E003C7AC8 /* Build configuration list for PBXProject "Battery Time" */ = {
			isa = XCConfigurationList;
			buildConfigurations = (
				25AC9D3E1E026B4E003C7AC8 /* Debug */,
				25AC9D3F1E026B4E003C7AC8 /* Release */,
			);
			defaultConfigurationIsVisible = 0;
			defaultConfigurationName = Release;
		};
		25AC9D401E026B4E003C7AC8 /* Build configuration list for PBXNativeTarget "Battery Time" */ = {
			isa = XCConfigurationList;
			buildConfigurations = (
				25AC9D411E026B4E003C7AC8 /* Debug */,
				25AC9D421E026B4E003C7AC8 /* Release */,
			);
			defaultConfigurationIsVisible = 0;
			defaultConfigurationName = Release;
		};
/* End XCConfigurationList section */
	};
	rootObject = 25AC9D241E026B4E003C7AC8 /* Project object */;
}
